{
  "name": "job-listing-app",
  "lockfileVersion": 2,
  "requires": true,
  "packages": {
    "": {
      "devDependencies": {
        "vite-plugin-sass": "^0.1.0"
      }
    },
    "node_modules/vite-plugin-sass": {
      "version": "0.1.0",
      "resolved": "https://registry.npmjs.org/vite-plugin-sass/-/vite-plugin-sass-0.1.0.tgz",
      "integrity": "sha512-gLwvs3ozfDAOZCqs+PepkTd4078m8tfq50IlmTW/OphlWsW95uP7lQ5A3NezfUfTZDTCOA4nFlYnOWRpsKYOqw==",
      "dev": true
    }
  },
  "dependencies": {
    "vite-plugin-sass": {
      "version": "0.1.0",
      "resolved": "https://registry.npmjs.org/vite-plugin-sass/-/vite-plugin-sass-0.1.0.tgz",
      "integrity": "sha512-gLwvs3ozfDAOZCqs+PepkTd4078m8tfq50IlmTW/OphlWsW95uP7lQ5A3NezfUfTZDTCOA4nFlYnOWRpsKYOqw==",
      "dev": true
    }
  }
}
